
Microsoft Visual Studio Solution File, Format Version 12.00
# Visual Studio Version 17
VisualStudioVersion = 17.0.32112.339
MinimumVisualStudioVersion = 10.0.40219.1
Project("{9A19103F-16F7-4668-BE54-9A1E7A4F7556}") = "GroupWebApplication", "GroupWebApplication\GroupWebApplication.csproj", "{8D54CE8E-21F1-49AC-A2F7-00A0E9977EBD}"
EndProject
Project("{FAE04EC0-301F-11D3-BF4B-00C04F79EFBC}") = "GroupWebApplicationDatabaseStorage", "GroupWebApplicationDatabase\GroupWebApplicationDatabaseStorage.csproj", "{32B90849-D03E-4434-9B2C-FA8B05672C37}"
EndProject
Global
	GlobalSection(SolutionConfigurationPlatforms) = preSolution
		Debug|Any CPU = Debug|Any CPU
		Release|Any CPU = Release|Any CPU
	EndGlobalSection
	GlobalSection(ProjectConfigurationPlatforms) = postSolution
		{8D54CE8E-21F1-49AC-A2F7-00A0E9977EBD}.Debug|Any CPU.ActiveCfg = Debug|Any CPU
		{8D54CE8E-21F1-49AC-A2F7-00A0E9977EBD}.Debug|Any CPU.Build.0 = Debug|Any CPU
		{8D54CE8E-21F1-49AC-A2F7-00A0E9977EBD}.Release|Any CPU.ActiveCfg = Release|Any CPU
		{8D54CE8E-21F1-49AC-A2F7-00A0E9977EBD}.Release|Any CPU.Build.0 = Release|Any CPU
		{32B90849-D03E-4434-9B2C-FA8B05672C37}.Debug|Any CPU.ActiveCfg = Debug|Any CPU
		{32B90849-D03E-4434-9B2C-FA8B05672C37}.Debug|Any CPU.Build.0 = Debug|Any CPU
		{32B90849-D03E-4434-9B2C-FA8B05672C37}.Release|Any CPU.ActiveCfg = Release|Any CPU
		{32B90849-D03E-4434-9B2C-FA8B05672C37}.Release|Any CPU.Build.0 = Release|Any CPU
	EndGlobalSection
	GlobalSection(SolutionProperties) = preSolution
		HideSolutionNode = FALSE
	EndGlobalSection
	GlobalSection(ExtensibilityGlobals) = postSolution
		SolutionGuid = {EBA3544A-49D4-4EAD-BF70-A26CE026A1D0}
	EndGlobalSection
EndGlobal
