
Microsoft Visual Studio Solution File, Format Version 12.00
# Visual Studio Version 17
VisualStudioVersion = 17.0.32112.339
MinimumVisualStudioVersion = 10.0.40219.1
Project("{FAE04EC0-301F-11D3-BF4B-00C04F79EFBC}") = "GroupWebApplication", "GroupWebApplication\GroupWebApplication.csproj", "{8D54CE8E-21F1-49AC-A2F7-00A0E9977EBD}"
EndProject
Global
	GlobalSection(SolutionConfigurationPlatforms) = preSolution
		Debug|Any CPU = Debug|Any CPU
		Release|Any CPU = Release|Any CPU
	EndGlobalSection
	GlobalSection(ProjectConfigurationPlatforms) = postSolution
		{8D54CE8E-21F1-49AC-A2F7-00A0E9977EBD}.Debug|Any CPU.ActiveCfg = Debug|Any CPU
		{8D54CE8E-21F1-49AC-A2F7-00A0E9977EBD}.Debug|Any CPU.Build.0 = Debug|Any CPU
		{8D54CE8E-21F1-49AC-A2F7-00A0E9977EBD}.Release|Any CPU.ActiveCfg = Release|Any CPU
		{8D54CE8E-21F1-49AC-A2F7-00A0E9977EBD}.Release|Any CPU.Build.0 = Release|Any CPU
	EndGlobalSection
	GlobalSection(SolutionProperties) = preSolution
		HideSolutionNode = FALSE
	EndGlobalSection
	GlobalSection(ExtensibilityGlobals) = postSolution
		SolutionGuid = {EBA3544A-49D4-4EAD-BF70-A26CE026A1D0}
	EndGlobalSection
EndGlobal
